
Microsoft Visual Studio Solution File, Format Version 12.00
# Visual Studio Version 17
VisualStudioVersion = 17.7.34024.191
MinimumVisualStudioVersion = 10.0.40219.1
Project("{9A19103F-16F7-4668-BE54-9A1E7A4F7556}") = "IMC", "IMC\IMC.csproj", "{9D55CBCE-0E6F-4793-A6B9-A96FC397B46D}"
EndProject
Project("{9A19103F-16F7-4668-BE54-9A1E7A4F7556}") = "EnergiaCinetica", "EnergiaCinetica\EnergiaCinetica.csproj", "{F367CA88-EA60-44A4-8C44-1A302325A08A}"
EndProject
Project("{FAE04EC0-301F-11D3-BF4B-00C04F79EFBC}") = "ConversionMoneda", "ConversionMoneda\ConversionMoneda.csproj", "{7187C9AA-9016-432A-804A-C7FF10900DC7}"
EndProject
Global
	GlobalSection(SolutionConfigurationPlatforms) = preSolution
		Debug|Any CPU = Debug|Any CPU
		Release|Any CPU = Release|Any CPU
	EndGlobalSection
	GlobalSection(ProjectConfigurationPlatforms) = postSolution
		{9D55CBCE-0E6F-4793-A6B9-A96FC397B46D}.Debug|Any CPU.ActiveCfg = Debug|Any CPU
		{9D55CBCE-0E6F-4793-A6B9-A96FC397B46D}.Debug|Any CPU.Build.0 = Debug|Any CPU
		{9D55CBCE-0E6F-4793-A6B9-A96FC397B46D}.Release|Any CPU.ActiveCfg = Release|Any CPU
		{9D55CBCE-0E6F-4793-A6B9-A96FC397B46D}.Release|Any CPU.Build.0 = Release|Any CPU
		{F367CA88-EA60-44A4-8C44-1A302325A08A}.Debug|Any CPU.ActiveCfg = Debug|Any CPU
		{F367CA88-EA60-44A4-8C44-1A302325A08A}.Debug|Any CPU.Build.0 = Debug|Any CPU
		{F367CA88-EA60-44A4-8C44-1A302325A08A}.Release|Any CPU.ActiveCfg = Release|Any CPU
		{F367CA88-EA60-44A4-8C44-1A302325A08A}.Release|Any CPU.Build.0 = Release|Any CPU
		{7187C9AA-9016-432A-804A-C7FF10900DC7}.Debug|Any CPU.ActiveCfg = Debug|Any CPU
		{7187C9AA-9016-432A-804A-C7FF10900DC7}.Debug|Any CPU.Build.0 = Debug|Any CPU
		{7187C9AA-9016-432A-804A-C7FF10900DC7}.Release|Any CPU.ActiveCfg = Release|Any CPU
		{7187C9AA-9016-432A-804A-C7FF10900DC7}.Release|Any CPU.Build.0 = Release|Any CPU
	EndGlobalSection
	GlobalSection(SolutionProperties) = preSolution
		HideSolutionNode = FALSE
	EndGlobalSection
	GlobalSection(ExtensibilityGlobals) = postSolution
		SolutionGuid = {581190F7-310F-4466-BD22-F947285C49B4}
	EndGlobalSection
EndGlobal
